
Microsoft Visual Studio Solution File, Format Version 12.00
# Visual Studio Version 16
VisualStudioVersion = 16.0.30804.86
MinimumVisualStudioVersion = 10.0.40219.1
Project("{FAE04EC0-301F-11D3-BF4B-00C04F79EFBC}") = "COREBlog.UI", "COREBlog.UI\COREBlog.UI.csproj", "{BD9AF109-BB6E-425C-8821-32E77A7D11FD}"
EndProject
Project("{FAE04EC0-301F-11D3-BF4B-00C04F79EFBC}") = "COREBlog.CORE", "COREBlog.CORE\COREBlog.CORE.csproj", "{7EC02439-DAC1-4EDE-8F2A-41A63431B5E5}"
EndProject
Project("{FAE04EC0-301F-11D3-BF4B-00C04F79EFBC}") = "COREBlog.MODEL", "COREBlog.MODEL\COREBlog.MODEL.csproj", "{BD2A66A7-F1B3-4996-B982-845D4C781A20}"
EndProject
Project("{FAE04EC0-301F-11D3-BF4B-00C04F79EFBC}") = "COREBlog.SERVİCE", "COREBlog.SERVİCE\COREBlog.SERVİCE.csproj", "{3F79BD60-CE7E-482E-A1C0-7105B5765872}"
EndProject
Global
	GlobalSection(SolutionConfigurationPlatforms) = preSolution
		Debug|Any CPU = Debug|Any CPU
		Release|Any CPU = Release|Any CPU
	EndGlobalSection
	GlobalSection(ProjectConfigurationPlatforms) = postSolution
		{BD9AF109-BB6E-425C-8821-32E77A7D11FD}.Debug|Any CPU.ActiveCfg = Debug|Any CPU
		{BD9AF109-BB6E-425C-8821-32E77A7D11FD}.Debug|Any CPU.Build.0 = Debug|Any CPU
		{BD9AF109-BB6E-425C-8821-32E77A7D11FD}.Release|Any CPU.ActiveCfg = Release|Any CPU
		{BD9AF109-BB6E-425C-8821-32E77A7D11FD}.Release|Any CPU.Build.0 = Release|Any CPU
		{7EC02439-DAC1-4EDE-8F2A-41A63431B5E5}.Debug|Any CPU.ActiveCfg = Debug|Any CPU
		{7EC02439-DAC1-4EDE-8F2A-41A63431B5E5}.Debug|Any CPU.Build.0 = Debug|Any CPU
		{7EC02439-DAC1-4EDE-8F2A-41A63431B5E5}.Release|Any CPU.ActiveCfg = Release|Any CPU
		{7EC02439-DAC1-4EDE-8F2A-41A63431B5E5}.Release|Any CPU.Build.0 = Release|Any CPU
		{BD2A66A7-F1B3-4996-B982-845D4C781A20}.Debug|Any CPU.ActiveCfg = Debug|Any CPU
		{BD2A66A7-F1B3-4996-B982-845D4C781A20}.Debug|Any CPU.Build.0 = Debug|Any CPU
		{BD2A66A7-F1B3-4996-B982-845D4C781A20}.Release|Any CPU.ActiveCfg = Release|Any CPU
		{BD2A66A7-F1B3-4996-B982-845D4C781A20}.Release|Any CPU.Build.0 = Release|Any CPU
		{3F79BD60-CE7E-482E-A1C0-7105B5765872}.Debug|Any CPU.ActiveCfg = Debug|Any CPU
		{3F79BD60-CE7E-482E-A1C0-7105B5765872}.Debug|Any CPU.Build.0 = Debug|Any CPU
		{3F79BD60-CE7E-482E-A1C0-7105B5765872}.Release|Any CPU.ActiveCfg = Release|Any CPU
		{3F79BD60-CE7E-482E-A1C0-7105B5765872}.Release|Any CPU.Build.0 = Release|Any CPU
	EndGlobalSection
	GlobalSection(SolutionProperties) = preSolution
		HideSolutionNode = FALSE
	EndGlobalSection
	GlobalSection(ExtensibilityGlobals) = postSolution
		SolutionGuid = {4971C929-315A-40F9-B7C5-4B2424A95547}
	EndGlobalSection
EndGlobal
